// !$*UTF8*$!
{
	archiveVersion = 1;
	classes = {
	};
	objectVersion = 55;
	objects = {

/* Begin PBXBuildFile section */
		7E224F31276E368B00E788AB /* GymberService.swift in Sources */ = {isa = PBXBuildFile; fileRef = 7E224F30276E368B00E788AB /* GymberService.swift */; };
		7E224F33276E36CF00E788AB /* BaseService.swift in Sources */ = {isa = PBXBuildFile; fileRef = 7E224F32276E36CF00E788AB /* BaseService.swift */; };
		7E224F37276E37B400E788AB /* URLSession+Utils.swift in Sources */ = {isa = PBXBuildFile; fileRef = 7E224F36276E37B400E788AB /* URLSession+Utils.swift */; };
		7E224F39276E382400E788AB /* GetGymsUseCase.swift in Sources */ = {isa = PBXBuildFile; fileRef = 7E224F38276E382400E788AB /* GetGymsUseCase.swift */; };
		7E224F3B276E388000E788AB /* GymDTO.swift in Sources */ = {isa = PBXBuildFile; fileRef = 7E224F3A276E388000E788AB /* GymDTO.swift */; };
		7E224F3D276E3D1600E788AB /* GetGymsServiceImpl.swift in Sources */ = {isa = PBXBuildFile; fileRef = 7E224F3C276E3D1600E788AB /* GetGymsServiceImpl.swift */; };
		7E224F3F276E41AC00E788AB /* GetGymsImpl.swift in Sources */ = {isa = PBXBuildFile; fileRef = 7E224F3E276E41AC00E788AB /* GetGymsImpl.swift */; };
		7E224F41276E47F000E788AB /* DispatchQueue+Utils.swift in Sources */ = {isa = PBXBuildFile; fileRef = 7E224F40276E47F000E788AB /* DispatchQueue+Utils.swift */; };
		7E224F43276E4AB100E788AB /* UIImageView+Utils.swift in Sources */ = {isa = PBXBuildFile; fileRef = 7E224F42276E4AB100E788AB /* UIImageView+Utils.swift */; };
		7E224F45276E4DC700E788AB /* HomeViewModel.swift in Sources */ = {isa = PBXBuildFile; fileRef = 7E224F44276E4DC700E788AB /* HomeViewModel.swift */; };
		7E224F47276E933000E788AB /* String+Utils.swift in Sources */ = {isa = PBXBuildFile; fileRef = 7E224F46276E933000E788AB /* String+Utils.swift */; };
		7E224F49276E93AE00E788AB /* Localizable.strings in Resources */ = {isa = PBXBuildFile; fileRef = 7E224F48276E93AE00E788AB /* Localizable.strings */; };
		7E5F38D3276C0428009BD960 /* AppDelegate.swift in Sources */ = {isa = PBXBuildFile; fileRef = 7E5F38D2276C0428009BD960 /* AppDelegate.swift */; };
		7E5F38D5276C0428009BD960 /* SceneDelegate.swift in Sources */ = {isa = PBXBuildFile; fileRef = 7E5F38D4276C0428009BD960 /* SceneDelegate.swift */; };
		7E5F38D7276C0428009BD960 /* HomeViewController.swift in Sources */ = {isa = PBXBuildFile; fileRef = 7E5F38D6276C0428009BD960 /* HomeViewController.swift */; };
		7E5F38DC276C0429009BD960 /* Assets.xcassets in Resources */ = {isa = PBXBuildFile; fileRef = 7E5F38DB276C0429009BD960 /* Assets.xcassets */; };
		7E5F38DF276C0429009BD960 /* LaunchScreen.storyboard in Resources */ = {isa = PBXBuildFile; fileRef = 7E5F38DD276C0429009BD960 /* LaunchScreen.storyboard */; };
		7E5F38EA276C0429009BD960 /* HomeViewModelTests.swift in Sources */ = {isa = PBXBuildFile; fileRef = 7E5F38E9276C0429009BD960 /* HomeViewModelTests.swift */; };
		7E5F3904276C07A6009BD960 /* CardCollectionView.swift in Sources */ = {isa = PBXBuildFile; fileRef = 7E5F3903276C07A6009BD960 /* CardCollectionView.swift */; };
		7EED99B7276D5B2D0098B4F8 /* CardView.swift in Sources */ = {isa = PBXBuildFile; fileRef = 7EED99B6276D5B2D0098B4F8 /* CardView.swift */; };
		7EED99B9276D5B610098B4F8 /* CardCollectionProtocols.swift in Sources */ = {isa = PBXBuildFile; fileRef = 7EED99B8276D5B610098B4F8 /* CardCollectionProtocols.swift */; };
		7EED99BB276D5B790098B4F8 /* Double+Utils.swift in Sources */ = {isa = PBXBuildFile; fileRef = 7EED99BA276D5B790098B4F8 /* Double+Utils.swift */; };
		7EED99BD276D5B830098B4F8 /* CGFloat+Utils.swift in Sources */ = {isa = PBXBuildFile; fileRef = 7EED99BC276D5B830098B4F8 /* CGFloat+Utils.swift */; };
		7EED99BF276D5BC30098B4F8 /* CardViewModel.swift in Sources */ = {isa = PBXBuildFile; fileRef = 7EED99BE276D5BC30098B4F8 /* CardViewModel.swift */; };
		7EEFA2AA276F9D66008782A1 /* GetGymsUseCaseTests.swift in Sources */ = {isa = PBXBuildFile; fileRef = 7EEFA2A9276F9D66008782A1 /* GetGymsUseCaseTests.swift */; };
/* End PBXBuildFile section */

/* Begin PBXContainerItemProxy section */
		7E5F38E6276C0429009BD960 /* PBXContainerItemProxy */ = {
			isa = PBXContainerItemProxy;
			containerPortal = 7E5F38C7276C0428009BD960 /* Project object */;
			proxyType = 1;
			remoteGlobalIDString = 7E5F38CE276C0428009BD960;
			remoteInfo = Gymber;
		};
/* End PBXContainerItemProxy section */

/* Begin PBXFileReference section */
		7E224F30276E368B00E788AB /* GymberService.swift */ = {isa = PBXFileReference; lastKnownFileType = sourcecode.swift; path = GymberService.swift; sourceTree = "<group>"; };
		7E224F32276E36CF00E788AB /* BaseService.swift */ = {isa = PBXFileReference; lastKnownFileType = sourcecode.swift; path = BaseService.swift; sourceTree = "<group>"; };
		7E224F36276E37B400E788AB /* URLSession+Utils.swift */ = {isa = PBXFileReference; lastKnownFileType = sourcecode.swift; path = "URLSession+Utils.swift"; sourceTree = "<group>"; };
		7E224F38276E382400E788AB /* GetGymsUseCase.swift */ = {isa = PBXFileReference; lastKnownFileType = sourcecode.swift; path = GetGymsUseCase.swift; sourceTree = "<group>"; };
		7E224F3A276E388000E788AB /* GymDTO.swift */ = {isa = PBXFileReference; lastKnownFileType = sourcecode.swift; path = GymDTO.swift; sourceTree = "<group>"; };
		7E224F3C276E3D1600E788AB /* GetGymsServiceImpl.swift */ = {isa = PBXFileReference; lastKnownFileType = sourcecode.swift; path = GetGymsServiceImpl.swift; sourceTree = "<group>"; };
		7E224F3E276E41AC00E788AB /* GetGymsImpl.swift */ = {isa = PBXFileReference; lastKnownFileType = sourcecode.swift; path = GetGymsImpl.swift; sourceTree = "<group>"; };
		7E224F40276E47F000E788AB /* DispatchQueue+Utils.swift */ = {isa = PBXFileReference; lastKnownFileType = sourcecode.swift; path = "DispatchQueue+Utils.swift"; sourceTree = "<group>"; };
		7E224F42276E4AB100E788AB /* UIImageView+Utils.swift */ = {isa = PBXFileReference; lastKnownFileType = sourcecode.swift; path = "UIImageView+Utils.swift"; sourceTree = "<group>"; };
		7E224F44276E4DC700E788AB /* HomeViewModel.swift */ = {isa = PBXFileReference; lastKnownFileType = sourcecode.swift; path = HomeViewModel.swift; sourceTree = "<group>"; };
		7E224F46276E933000E788AB /* String+Utils.swift */ = {isa = PBXFileReference; lastKnownFileType = sourcecode.swift; path = "String+Utils.swift"; sourceTree = "<group>"; };
		7E224F48276E93AE00E788AB /* Localizable.strings */ = {isa = PBXFileReference; lastKnownFileType = text.plist.strings; path = Localizable.strings; sourceTree = "<group>"; };
		7E5F38CF276C0428009BD960 /* Gymber.app */ = {isa = PBXFileReference; explicitFileType = wrapper.application; includeInIndex = 0; path = Gymber.app; sourceTree = BUILT_PRODUCTS_DIR; };
		7E5F38D2276C0428009BD960 /* AppDelegate.swift */ = {isa = PBXFileReference; lastKnownFileType = sourcecode.swift; path = AppDelegate.swift; sourceTree = "<group>"; };
		7E5F38D4276C0428009BD960 /* SceneDelegate.swift */ = {isa = PBXFileReference; lastKnownFileType = sourcecode.swift; path = SceneDelegate.swift; sourceTree = "<group>"; };
		7E5F38D6276C0428009BD960 /* HomeViewController.swift */ = {isa = PBXFileReference; lastKnownFileType = sourcecode.swift; path = HomeViewController.swift; sourceTree = "<group>"; };
		7E5F38DB276C0429009BD960 /* Assets.xcassets */ = {isa = PBXFileReference; lastKnownFileType = folder.assetcatalog; path = Assets.xcassets; sourceTree = "<group>"; };
		7E5F38DE276C0429009BD960 /* Base */ = {isa = PBXFileReference; lastKnownFileType = file.storyboard; name = Base; path = Base.lproj/LaunchScreen.storyboard; sourceTree = "<group>"; };
		7E5F38E0276C0429009BD960 /* Info.plist */ = {isa = PBXFileReference; lastKnownFileType = text.plist.xml; path = Info.plist; sourceTree = "<group>"; };
		7E5F38E5276C0429009BD960 /* GymberTests.xctest */ = {isa = PBXFileReference; explicitFileType = wrapper.cfbundle; includeInIndex = 0; path = GymberTests.xctest; sourceTree = BUILT_PRODUCTS_DIR; };
		7E5F38E9276C0429009BD960 /* HomeViewModelTests.swift */ = {isa = PBXFileReference; lastKnownFileType = sourcecode.swift; path = HomeViewModelTests.swift; sourceTree = "<group>"; };
		7E5F3903276C07A6009BD960 /* CardCollectionView.swift */ = {isa = PBXFileReference; lastKnownFileType = sourcecode.swift; path = CardCollectionView.swift; sourceTree = "<group>"; };
		7EED99B6276D5B2D0098B4F8 /* CardView.swift */ = {isa = PBXFileReference; lastKnownFileType = sourcecode.swift; path = CardView.swift; sourceTree = "<group>"; };
		7EED99B8276D5B610098B4F8 /* CardCollectionProtocols.swift */ = {isa = PBXFileReference; lastKnownFileType = sourcecode.swift; path = CardCollectionProtocols.swift; sourceTree = "<group>"; };
		7EED99BA276D5B790098B4F8 /* Double+Utils.swift */ = {isa = PBXFileReference; lastKnownFileType = sourcecode.swift; path = "Double+Utils.swift"; sourceTree = "<group>"; };
		7EED99BC276D5B830098B4F8 /* CGFloat+Utils.swift */ = {isa = PBXFileReference; lastKnownFileType = sourcecode.swift; path = "CGFloat+Utils.swift"; sourceTree = "<group>"; };
		7EED99BE276D5BC30098B4F8 /* CardViewModel.swift */ = {isa = PBXFileReference; lastKnownFileType = sourcecode.swift; path = CardViewModel.swift; sourceTree = "<group>"; };
		7EEFA2A9276F9D66008782A1 /* GetGymsUseCaseTests.swift */ = {isa = PBXFileReference; lastKnownFileType = sourcecode.swift; path = GetGymsUseCaseTests.swift; sourceTree = "<group>"; };
/* End PBXFileReference section */

/* Begin PBXFrameworksBuildPhase section */
		7E5F38CC276C0428009BD960 /* Frameworks */ = {
			isa = PBXFrameworksBuildPhase;
			buildActionMask = 2147483647;
			files = (
			);
			runOnlyForDeploymentPostprocessing = 0;
		};
		7E5F38E2276C0429009BD960 /* Frameworks */ = {
			isa = PBXFrameworksBuildPhase;
			buildActionMask = 2147483647;
			files = (
			);
			runOnlyForDeploymentPostprocessing = 0;
		};
/* End PBXFrameworksBuildPhase section */

/* Begin PBXGroup section */
		7E224F2D276E35AA00E788AB /* App */ = {
			isa = PBXGroup;
			children = (
				7E5F38D2276C0428009BD960 /* AppDelegate.swift */,
				7E5F38D4276C0428009BD960 /* SceneDelegate.swift */,
			);
			path = App;
			sourceTree = "<group>";
		};
		7E224F2E276E360D00E788AB /* Core */ = {
			isa = PBXGroup;
			children = (
				7E224F30276E368B00E788AB /* GymberService.swift */,
				7E224F32276E36CF00E788AB /* BaseService.swift */,
				7E224F2F276E367400E788AB /* UseCases */,
			);
			path = Core;
			sourceTree = "<group>";
		};
		7E224F2F276E367400E788AB /* UseCases */ = {
			isa = PBXGroup;
			children = (
				7E224F3A276E388000E788AB /* GymDTO.swift */,
				7E224F3C276E3D1600E788AB /* GetGymsServiceImpl.swift */,
				7E224F38276E382400E788AB /* GetGymsUseCase.swift */,
				7E224F3E276E41AC00E788AB /* GetGymsImpl.swift */,
			);
			path = UseCases;
			sourceTree = "<group>";
		};
		7E224F4A276E93C500E788AB /* Modules */ = {
			isa = PBXGroup;
			children = (
				7E224F4B276E93D000E788AB /* Home */,
			);
			path = Modules;
			sourceTree = "<group>";
		};
		7E224F4B276E93D000E788AB /* Home */ = {
			isa = PBXGroup;
			children = (
				7E5F38D6276C0428009BD960 /* HomeViewController.swift */,
				7E224F44276E4DC700E788AB /* HomeViewModel.swift */,
			);
			path = Home;
			sourceTree = "<group>";
		};
		7E224F4C276E93DC00E788AB /* Resources */ = {
			isa = PBXGroup;
			children = (
				7E5F38DB276C0429009BD960 /* Assets.xcassets */,
				7E224F48276E93AE00E788AB /* Localizable.strings */,
			);
			path = Resources;
			sourceTree = "<group>";
		};
		7E5F38C6276C0428009BD960 = {
			isa = PBXGroup;
			children = (
				7E5F38D1276C0428009BD960 /* Gymber */,
				7E5F38E8276C0429009BD960 /* GymberTests */,
				7E5F38D0276C0428009BD960 /* Products */,
			);
			sourceTree = "<group>";
		};
		7E5F38D0276C0428009BD960 /* Products */ = {
			isa = PBXGroup;
			children = (
				7E5F38CF276C0428009BD960 /* Gymber.app */,
				7E5F38E5276C0429009BD960 /* GymberTests.xctest */,
			);
			name = Products;
			sourceTree = "<group>";
		};
		7E5F38D1276C0428009BD960 /* Gymber */ = {
			isa = PBXGroup;
			children = (
				7E5F38E0276C0429009BD960 /* Info.plist */,
				7E5F38DD276C0429009BD960 /* LaunchScreen.storyboard */,
				7E224F2D276E35AA00E788AB /* App */,
				7E224F4C276E93DC00E788AB /* Resources */,
				7E224F2E276E360D00E788AB /* Core */,
				7EDCAAF4276D5A8F0082D9B2 /* Extensions */,
				7E224F4A276E93C500E788AB /* Modules */,
				7E5F3902276C05AE009BD960 /* CardsView */,
			);
			path = Gymber;
			sourceTree = "<group>";
		};
		7E5F38E8276C0429009BD960 /* GymberTests */ = {
			isa = PBXGroup;
			children = (
				7E5F38E9276C0429009BD960 /* HomeViewModelTests.swift */,
				7EEFA2A9276F9D66008782A1 /* GetGymsUseCaseTests.swift */,
			);
			path = GymberTests;
			sourceTree = "<group>";
		};
		7E5F3902276C05AE009BD960 /* CardsView */ = {
			isa = PBXGroup;
			children = (
				7EED99B8276D5B610098B4F8 /* CardCollectionProtocols.swift */,
				7E5F3903276C07A6009BD960 /* CardCollectionView.swift */,
				7EED99B6276D5B2D0098B4F8 /* CardView.swift */,
				7EED99BE276D5BC30098B4F8 /* CardViewModel.swift */,
			);
			path = CardsView;
			sourceTree = "<group>";
		};
		7EDCAAF4276D5A8F0082D9B2 /* Extensions */ = {
			isa = PBXGroup;
			children = (
				7EED99BA276D5B790098B4F8 /* Double+Utils.swift */,
				7EED99BC276D5B830098B4F8 /* CGFloat+Utils.swift */,
				7E224F36276E37B400E788AB /* URLSession+Utils.swift */,
				7E224F40276E47F000E788AB /* DispatchQueue+Utils.swift */,
				7E224F42276E4AB100E788AB /* UIImageView+Utils.swift */,
				7E224F46276E933000E788AB /* String+Utils.swift */,
			);
			path = Extensions;
			sourceTree = "<group>";
		};
/* End PBXGroup section */

/* Begin PBXNativeTarget section */
		7E5F38CE276C0428009BD960 /* Gymber */ = {
			isa = PBXNativeTarget;
			buildConfigurationList = 7E5F38F9276C0429009BD960 /* Build configuration list for PBXNativeTarget "Gymber" */;
			buildPhases = (
				7E5F38CB276C0428009BD960 /* Sources */,
				7E5F38CC276C0428009BD960 /* Frameworks */,
				7E5F38CD276C0428009BD960 /* Resources */,
			);
			buildRules = (
			);
			dependencies = (
			);
			name = Gymber;
			productName = Gymber;
			productReference = 7E5F38CF276C0428009BD960 /* Gymber.app */;
			productType = "com.apple.product-type.application";
		};
		7E5F38E4276C0429009BD960 /* GymberTests */ = {
			isa = PBXNativeTarget;
			buildConfigurationList = 7E5F38FC276C0429009BD960 /* Build configuration list for PBXNativeTarget "GymberTests" */;
			buildPhases = (
				7E5F38E1276C0429009BD960 /* Sources */,
				7E5F38E2276C0429009BD960 /* Frameworks */,
				7E5F38E3276C0429009BD960 /* Resources */,
			);
			buildRules = (
			);
			dependencies = (
				7E5F38E7276C0429009BD960 /* PBXTargetDependency */,
			);
			name = GymberTests;
			productName = GymberTests;
			productReference = 7E5F38E5276C0429009BD960 /* GymberTests.xctest */;
			productType = "com.apple.product-type.bundle.unit-test";
		};
/* End PBXNativeTarget section */

/* Begin PBXProject section */
		7E5F38C7276C0428009BD960 /* Project object */ = {
			isa = PBXProject;
			attributes = {
				BuildIndependentTargetsInParallel = 1;
				LastSwiftUpdateCheck = 1320;
				LastUpgradeCheck = 1320;
				TargetAttributes = {
					7E5F38CE276C0428009BD960 = {
						CreatedOnToolsVersion = 13.2;
					};
					7E5F38E4276C0429009BD960 = {
						CreatedOnToolsVersion = 13.2;
						TestTargetID = 7E5F38CE276C0428009BD960;
					};
				};
			};
			buildConfigurationList = 7E5F38CA276C0428009BD960 /* Build configuration list for PBXProject "Gymber" */;
			compatibilityVersion = "Xcode 13.0";
			developmentRegion = en;
			hasScannedForEncodings = 0;
			knownRegions = (
				en,
				Base,
			);
			mainGroup = 7E5F38C6276C0428009BD960;
			productRefGroup = 7E5F38D0276C0428009BD960 /* Products */;
			projectDirPath = "";
			projectRoot = "";
			targets = (
				7E5F38CE276C0428009BD960 /* Gymber */,
				7E5F38E4276C0429009BD960 /* GymberTests */,
			);
		};
/* End PBXProject section */

/* Begin PBXResourcesBuildPhase section */
		7E5F38CD276C0428009BD960 /* Resources */ = {
			isa = PBXResourcesBuildPhase;
			buildActionMask = 2147483647;
			files = (
				7E5F38DF276C0429009BD960 /* LaunchScreen.storyboard in Resources */,
				7E224F49276E93AE00E788AB /* Localizable.strings in Resources */,
				7E5F38DC276C0429009BD960 /* Assets.xcassets in Resources */,
			);
			runOnlyForDeploymentPostprocessing = 0;
		};
		7E5F38E3276C0429009BD960 /* Resources */ = {
			isa = PBXResourcesBuildPhase;
			buildActionMask = 2147483647;
			files = (
			);
			runOnlyForDeploymentPostprocessing = 0;
		};
/* End PBXResourcesBuildPhase section */

/* Begin PBXSourcesBuildPhase section */
		7E5F38CB276C0428009BD960 /* Sources */ = {
			isa = PBXSourcesBuildPhase;
			buildActionMask = 2147483647;
			files = (
				7E224F3D276E3D1600E788AB /* GetGymsServiceImpl.swift in Sources */,
				7EED99BB276D5B790098B4F8 /* Double+Utils.swift in Sources */,
				7E224F3F276E41AC00E788AB /* GetGymsImpl.swift in Sources */,
				7E224F45276E4DC700E788AB /* HomeViewModel.swift in Sources */,
				7E5F3904276C07A6009BD960 /* CardCollectionView.swift in Sources */,
				7E224F47276E933000E788AB /* String+Utils.swift in Sources */,
				7EED99BD276D5B830098B4F8 /* CGFloat+Utils.swift in Sources */,
				7E224F41276E47F000E788AB /* DispatchQueue+Utils.swift in Sources */,
				7E224F43276E4AB100E788AB /* UIImageView+Utils.swift in Sources */,
				7E5F38D7276C0428009BD960 /* HomeViewController.swift in Sources */,
				7E5F38D3276C0428009BD960 /* AppDelegate.swift in Sources */,
				7E224F3B276E388000E788AB /* GymDTO.swift in Sources */,
				7E5F38D5276C0428009BD960 /* SceneDelegate.swift in Sources */,
				7E224F39276E382400E788AB /* GetGymsUseCase.swift in Sources */,
				7EED99B7276D5B2D0098B4F8 /* CardView.swift in Sources */,
				7E224F37276E37B400E788AB /* URLSession+Utils.swift in Sources */,
				7E224F31276E368B00E788AB /* GymberService.swift in Sources */,
				7EED99B9276D5B610098B4F8 /* CardCollectionProtocols.swift in Sources */,
				7EED99BF276D5BC30098B4F8 /* CardViewModel.swift in Sources */,
				7E224F33276E36CF00E788AB /* BaseService.swift in Sources */,
			);
			runOnlyForDeploymentPostprocessing = 0;
		};
		7E5F38E1276C0429009BD960 /* Sources */ = {
			isa = PBXSourcesBuildPhase;
			buildActionMask = 2147483647;
			files = (
				7EEFA2AA276F9D66008782A1 /* GetGymsUseCaseTests.swift in Sources */,
				7E5F38EA276C0429009BD960 /* HomeViewModelTests.swift in Sources */,
			);
			runOnlyForDeploymentPostprocessing = 0;
		};
/* End PBXSourcesBuildPhase section */

/* Begin PBXTargetDependency section */
		7E5F38E7276C0429009BD960 /* PBXTargetDependency */ = {
			isa = PBXTargetDependency;
			target = 7E5F38CE276C0428009BD960 /* Gymber */;
			targetProxy = 7E5F38E6276C0429009BD960 /* PBXContainerItemProxy */;
		};
/* End PBXTargetDependency section */

/* Begin PBXVariantGroup section */
		7E5F38DD276C0429009BD960 /* LaunchScreen.storyboard */ = {
			isa = PBXVariantGroup;
			children = (
				7E5F38DE276C0429009BD960 /* Base */,
			);
			name = LaunchScreen.storyboard;
			sourceTree = "<group>";
		};
/* End PBXVariantGroup section */

/* Begin XCBuildConfiguration section */
		7E5F38F7276C0429009BD960 /* Debug */ = {
			isa = XCBuildConfiguration;
			buildSettings = {
				ALWAYS_SEARCH_USER_PATHS = NO;
				CLANG_ANALYZER_NONNULL = YES;
				CLANG_ANALYZER_NUMBER_OBJECT_CONVERSION = YES_AGGRESSIVE;
				CLANG_CXX_LANGUAGE_STANDARD = "gnu++17";
				CLANG_CXX_LIBRARY = "libc++";
				CLANG_ENABLE_MODULES = YES;
				CLANG_ENABLE_OBJC_ARC = YES;
				CLANG_ENABLE_OBJC_WEAK = YES;
				CLANG_WARN_BLOCK_CAPTURE_AUTORELEASING = YES;
				CLANG_WARN_BOOL_CONVERSION = YES;
				CLANG_WARN_COMMA = YES;
				CLANG_WARN_CONSTANT_CONVERSION = YES;
				CLANG_WARN_DEPRECATED_OBJC_IMPLEMENTATIONS = YES;
				CLANG_WARN_DIRECT_OBJC_ISA_USAGE = YES_ERROR;
				CLANG_WARN_DOCUMENTATION_COMMENTS = YES;
				CLANG_WARN_EMPTY_BODY = YES;
				CLANG_WARN_ENUM_CONVERSION = YES;
				CLANG_WARN_INFINITE_RECURSION = YES;
				CLANG_WARN_INT_CONVERSION = YES;
				CLANG_WARN_NON_LITERAL_NULL_CONVERSION = YES;
				CLANG_WARN_OBJC_IMPLICIT_RETAIN_SELF = YES;
				CLANG_WARN_OBJC_LITERAL_CONVERSION = YES;
				CLANG_WARN_OBJC_ROOT_CLASS = YES_ERROR;
				CLANG_WARN_QUOTED_INCLUDE_IN_FRAMEWORK_HEADER = YES;
				CLANG_WARN_RANGE_LOOP_ANALYSIS = YES;
				CLANG_WARN_STRICT_PROTOTYPES = YES;
				CLANG_WARN_SUSPICIOUS_MOVE = YES;
				CLANG_WARN_UNGUARDED_AVAILABILITY = YES_AGGRESSIVE;
				CLANG_WARN_UNREACHABLE_CODE = YES;
				CLANG_WARN__DUPLICATE_METHOD_MATCH = YES;
				COPY_PHASE_STRIP = NO;
				DEBUG_INFORMATION_FORMAT = dwarf;
				ENABLE_STRICT_OBJC_MSGSEND = YES;
				ENABLE_TESTABILITY = YES;
				GCC_C_LANGUAGE_STANDARD = gnu11;
				GCC_DYNAMIC_NO_PIC = NO;
				GCC_NO_COMMON_BLOCKS = YES;
				GCC_OPTIMIZATION_LEVEL = 0;
				GCC_PREPROCESSOR_DEFINITIONS = (
					"DEBUG=1",
					"$(inherited)",
				);
				GCC_WARN_64_TO_32_BIT_CONVERSION = YES;
				GCC_WARN_ABOUT_RETURN_TYPE = YES_ERROR;
				GCC_WARN_UNDECLARED_SELECTOR = YES;
				GCC_WARN_UNINITIALIZED_AUTOS = YES_AGGRESSIVE;
				GCC_WARN_UNUSED_FUNCTION = YES;
				GCC_WARN_UNUSED_VARIABLE = YES;
				IPHONEOS_DEPLOYMENT_TARGET = 12.0;
				MTL_ENABLE_DEBUG_INFO = INCLUDE_SOURCE;
				MTL_FAST_MATH = YES;
				ONLY_ACTIVE_ARCH = YES;
				SDKROOT = iphoneos;
				SWIFT_ACTIVE_COMPILATION_CONDITIONS = DEBUG;
				SWIFT_OPTIMIZATION_LEVEL = "-Onone";
			};
			name = Debug;
		};
		7E5F38F8276C0429009BD960 /* Release */ = {
			isa = XCBuildConfiguration;
			buildSettings = {
				ALWAYS_SEARCH_USER_PATHS = NO;
				CLANG_ANALYZER_NONNULL = YES;
				CLANG_ANALYZER_NUMBER_OBJECT_CONVERSION = YES_AGGRESSIVE;
				CLANG_CXX_LANGUAGE_STANDARD = "gnu++17";
				CLANG_CXX_LIBRARY = "libc++";
				CLANG_ENABLE_MODULES = YES;
				CLANG_ENABLE_OBJC_ARC = YES;
				CLANG_ENABLE_OBJC_WEAK = YES;
				CLANG_WARN_BLOCK_CAPTURE_AUTORELEASING = YES;
				CLANG_WARN_BOOL_CONVERSION = YES;
				CLANG_WARN_COMMA = YES;
				CLANG_WARN_CONSTANT_CONVERSION = YES;
				CLANG_WARN_DEPRECATED_OBJC_IMPLEMENTATIONS = YES;
				CLANG_WARN_DIRECT_OBJC_ISA_USAGE = YES_ERROR;
				CLANG_WARN_DOCUMENTATION_COMMENTS = YES;
				CLANG_WARN_EMPTY_BODY = YES;
				CLANG_WARN_ENUM_CONVERSION = YES;
				CLANG_WARN_INFINITE_RECURSION = YES;
				CLANG_WARN_INT_CONVERSION = YES;
				CLANG_WARN_NON_LITERAL_NULL_CONVERSION = YES;
				CLANG_WARN_OBJC_IMPLICIT_RETAIN_SELF = YES;
				CLANG_WARN_OBJC_LITERAL_CONVERSION = YES;
				CLANG_WARN_OBJC_ROOT_CLASS = YES_ERROR;
				CLANG_WARN_QUOTED_INCLUDE_IN_FRAMEWORK_HEADER = YES;
				CLANG_WARN_RANGE_LOOP_ANALYSIS = YES;
				CLANG_WARN_STRICT_PROTOTYPES = YES;
				CLANG_WARN_SUSPICIOUS_MOVE = YES;
				CLANG_WARN_UNGUARDED_AVAILABILITY = YES_AGGRESSIVE;
				CLANG_WARN_UNREACHABLE_CODE = YES;
				CLANG_WARN__DUPLICATE_METHOD_MATCH = YES;
				COPY_PHASE_STRIP = NO;
				DEBUG_INFORMATION_FORMAT = "dwarf-with-dsym";
				ENABLE_NS_ASSERTIONS = NO;
				ENABLE_STRICT_OBJC_MSGSEND = YES;
				GCC_C_LANGUAGE_STANDARD = gnu11;
				GCC_NO_COMMON_BLOCKS = YES;
				GCC_WARN_64_TO_32_BIT_CONVERSION = YES;
				GCC_WARN_ABOUT_RETURN_TYPE = YES_ERROR;
				GCC_WARN_UNDECLARED_SELECTOR = YES;
				GCC_WARN_UNINITIALIZED_AUTOS = YES_AGGRESSIVE;
				GCC_WARN_UNUSED_FUNCTION = YES;
				GCC_WARN_UNUSED_VARIABLE = YES;
				IPHONEOS_DEPLOYMENT_TARGET = 12.0;
				MTL_ENABLE_DEBUG_INFO = NO;
				MTL_FAST_MATH = YES;
				SDKROOT = iphoneos;
				SWIFT_COMPILATION_MODE = wholemodule;
				SWIFT_OPTIMIZATION_LEVEL = "-O";
				VALIDATE_PRODUCT = YES;
			};
			name = Release;
		};
		7E5F38FA276C0429009BD960 /* Debug */ = {
			isa = XCBuildConfiguration;
			buildSettings = {
				ASSETCATALOG_COMPILER_APPICON_NAME = AppIcon;
				ASSETCATALOG_COMPILER_GLOBAL_ACCENT_COLOR_NAME = AccentColor;
				CODE_SIGN_STYLE = Automatic;
				CURRENT_PROJECT_VERSION = 1;
				DEVELOPMENT_TEAM = WYWUC4P4DY;
				GENERATE_INFOPLIST_FILE = YES;
				INFOPLIST_FILE = Gymber/Info.plist;
				INFOPLIST_KEY_UIApplicationSupportsIndirectInputEvents = YES;
				INFOPLIST_KEY_UILaunchStoryboardName = LaunchScreen;
				INFOPLIST_KEY_UISupportedInterfaceOrientations = UIInterfaceOrientationPortrait;
				INFOPLIST_KEY_UISupportedInterfaceOrientations_iPad = "UIInterfaceOrientationPortrait UIInterfaceOrientationPortraitUpsideDown UIInterfaceOrientationLandscapeLeft UIInterfaceOrientationLandscapeRight";
				INFOPLIST_KEY_UISupportedInterfaceOrientations_iPhone = "UIInterfaceOrientationPortrait UIInterfaceOrientationLandscapeLeft UIInterfaceOrientationLandscapeRight";
				LD_RUNPATH_SEARCH_PATHS = (
					"$(inherited)",
					"@executable_path/Frameworks",
				);
				MARKETING_VERSION = 1.0;
				PRODUCT_BUNDLE_IDENTIFIER = com.aguzman.Gymber;
				PRODUCT_NAME = "$(TARGET_NAME)";
				SWIFT_EMIT_LOC_STRINGS = YES;
				SWIFT_VERSION = 5.0;
				TARGETED_DEVICE_FAMILY = 1;
			};
			name = Debug;
		};
		7E5F38FB276C0429009BD960 /* Release */ = {
			isa = XCBuildConfiguration;
			buildSettings = {
				ASSETCATALOG_COMPILER_APPICON_NAME = AppIcon;
				ASSETCATALOG_COMPILER_GLOBAL_ACCENT_COLOR_NAME = AccentColor;
				CODE_SIGN_STYLE = Automatic;
				CURRENT_PROJECT_VERSION = 1;
				DEVELOPMENT_TEAM = WYWUC4P4DY;
				GENERATE_INFOPLIST_FILE = YES;
				INFOPLIST_FILE = Gymber/Info.plist;
				INFOPLIST_KEY_UIApplicationSupportsIndirectInputEvents = YES;
				INFOPLIST_KEY_UILaunchStoryboardName = LaunchScreen;
				INFOPLIST_KEY_UISupportedInterfaceOrientations = UIInterfaceOrientationPortrait;
				INFOPLIST_KEY_UISupportedInterfaceOrientations_iPad = "UIInterfaceOrientationPortrait UIInterfaceOrientationPortraitUpsideDown UIInterfaceOrientationLandscapeLeft UIInterfaceOrientationLandscapeRight";
				INFOPLIST_KEY_UISupportedInterfaceOrientations_iPhone = "UIInterfaceOrientationPortrait UIInterfaceOrientationLandscapeLeft UIInterfaceOrientationLandscapeRight";
				LD_RUNPATH_SEARCH_PATHS = (
					"$(inherited)",
					"@executable_path/Frameworks",
				);
				MARKETING_VERSION = 1.0;
				PRODUCT_BUNDLE_IDENTIFIER = com.aguzman.Gymber;
				PRODUCT_NAME = "$(TARGET_NAME)";
				SWIFT_EMIT_LOC_STRINGS = YES;
				SWIFT_VERSION = 5.0;
				TARGETED_DEVICE_FAMILY = 1;
			};
			name = Release;
		};
		7E5F38FD276C0429009BD960 /* Debug */ = {
			isa = XCBuildConfiguration;
			buildSettings = {
				ALWAYS_EMBED_SWIFT_STANDARD_LIBRARIES = YES;
				BUNDLE_LOADER = "$(TEST_HOST)";
				CODE_SIGN_STYLE = Automatic;
				CURRENT_PROJECT_VERSION = 1;
				DEVELOPMENT_TEAM = WYWUC4P4DY;
				GENERATE_INFOPLIST_FILE = YES;
				IPHONEOS_DEPLOYMENT_TARGET = 12.0;
				MARKETING_VERSION = 1.0;
				PRODUCT_BUNDLE_IDENTIFIER = com.aguzman.GymberTests;
				PRODUCT_NAME = "$(TARGET_NAME)";
				SWIFT_EMIT_LOC_STRINGS = NO;
				SWIFT_VERSION = 5.0;
				TARGETED_DEVICE_FAMILY = "1,2";
				TEST_HOST = "$(BUILT_PRODUCTS_DIR)/Gymber.app/Gymber";
			};
			name = Debug;
		};
		7E5F38FE276C0429009BD960 /* Release */ = {
			isa = XCBuildConfiguration;
			buildSettings = {
				ALWAYS_EMBED_SWIFT_STANDARD_LIBRARIES = YES;
				BUNDLE_LOADER = "$(TEST_HOST)";
				CODE_SIGN_STYLE = Automatic;
				CURRENT_PROJECT_VERSION = 1;
				DEVELOPMENT_TEAM = WYWUC4P4DY;
				GENERATE_INFOPLIST_FILE = YES;
				IPHONEOS_DEPLOYMENT_TARGET = 12.0;
				MARKETING_VERSION = 1.0;
				PRODUCT_BUNDLE_IDENTIFIER = com.aguzman.GymberTests;
				PRODUCT_NAME = "$(TARGET_NAME)";
				SWIFT_EMIT_LOC_STRINGS = NO;
				SWIFT_VERSION = 5.0;
				TARGETED_DEVICE_FAMILY = "1,2";
				TEST_HOST = "$(BUILT_PRODUCTS_DIR)/Gymber.app/Gymber";
			};
			name = Release;
		};
/* End XCBuildConfiguration section */

/* Begin XCConfigurationList section */
		7E5F38CA276C0428009BD960 /* Build configuration list for PBXProject "Gymber" */ = {
			isa = XCConfigurationList;
			buildConfigurations = (
				7E5F38F7276C0429009BD960 /* Debug */,
				7E5F38F8276C0429009BD960 /* Release */,
			);
			defaultConfigurationIsVisible = 0;
			defaultConfigurationName = Release;
		};
		7E5F38F9276C0429009BD960 /* Build configuration list for PBXNativeTarget "Gymber" */ = {
			isa = XCConfigurationList;
			buildConfigurations = (
				7E5F38FA276C0429009BD960 /* Debug */,
				7E5F38FB276C0429009BD960 /* Release */,
			);
			defaultConfigurationIsVisible = 0;
			defaultConfigurationName = Release;
		};
		7E5F38FC276C0429009BD960 /* Build configuration list for PBXNativeTarget "GymberTests" */ = {
			isa = XCConfigurationList;
			buildConfigurations = (
				7E5F38FD276C0429009BD960 /* Debug */,
				7E5F38FE276C0429009BD960 /* Release */,
			);
			defaultConfigurationIsVisible = 0;
			defaultConfigurationName = Release;
		};
/* End XCConfigurationList section */
	};
	rootObject = 7E5F38C7276C0428009BD960 /* Project object */;
}
